
Microsoft Visual Studio Solution File, Format Version 12.00
# Visual Studio Version 17
VisualStudioVersion = 17.7.34031.279
MinimumVisualStudioVersion = 10.0.40219.1
Project("{FAE04EC0-301F-11D3-BF4B-00C04F79EFBC}") = "abstract interface task", "abstract interface task.csproj", "{AB321C59-D479-451C-88EE-863448B330E7}"
EndProject
Global
	GlobalSection(SolutionConfigurationPlatforms) = preSolution
		Debug|Any CPU = Debug|Any CPU
		Release|Any CPU = Release|Any CPU
	EndGlobalSection
	GlobalSection(ProjectConfigurationPlatforms) = postSolution
		{AB321C59-D479-451C-88EE-863448B330E7}.Debug|Any CPU.ActiveCfg = Debug|Any CPU
		{AB321C59-D479-451C-88EE-863448B330E7}.Debug|Any CPU.Build.0 = Debug|Any CPU
		{AB321C59-D479-451C-88EE-863448B330E7}.Release|Any CPU.ActiveCfg = Release|Any CPU
		{AB321C59-D479-451C-88EE-863448B330E7}.Release|Any CPU.Build.0 = Release|Any CPU
	EndGlobalSection
	GlobalSection(SolutionProperties) = preSolution
		HideSolutionNode = FALSE
	EndGlobalSection
	GlobalSection(ExtensibilityGlobals) = postSolution
		SolutionGuid = {31524232-3520-49FB-A0EB-60EA9FE2ABBB}
	EndGlobalSection
EndGlobal
